
Microsoft Visual Studio Solution File, Format Version 12.00
# Visual Studio Version 17
VisualStudioVersion = 17.7.34221.43
MinimumVisualStudioVersion = 10.0.40219.1
Project("{2150E333-8FDC-42A3-9474-1A3956D46DE8}") = "01-TestesDeUnidade", "01-TestesDeUnidade", "{44F1D699-9EF5-454C-95A3-772438BD16AC}"
EndProject
Project("{2150E333-8FDC-42A3-9474-1A3956D46DE8}") = "1.1-TestesBasicos", "1.1-TestesBasicos", "{3F457F44-10E1-493C-B7A3-2F4D7DC28717}"
EndProject
Project("{9A19103F-16F7-4668-BE54-9A1E7A4F7556}") = "DemoTestes", "..\TestesDeUnidade\DemoTestes\DemoTestes.csproj", "{3775AB6F-46A3-4262-8DC8-9AC5DC21E033}"
EndProject
Project("{9A19103F-16F7-4668-BE54-9A1E7A4F7556}") = "Demo.TestesDeUnidaDe", "..\TestesDeUnidade\Demo.TestesDeUnidaDe\Demo.TestesDeUnidaDe.csproj", "{A132C7BF-3F9B-424B-8C0E-8034F8C7570E}"
EndProject
Project("{2150E333-8FDC-42A3-9474-1A3956D46DE8}") = "Features", "Features", "{C0434ECF-D7A3-4E6F-8541-30939C375438}"
EndProject
Project("{2150E333-8FDC-42A3-9474-1A3956D46DE8}") = "Features.Tests", "Features.Tests", "{B9CA5CFD-04CD-43A8-B192-6F8B026E661C}"
EndProject
Project("{9A19103F-16F7-4668-BE54-9A1E7A4F7556}") = "Features", "..\..\Eu\01 - Testes de Unidade\Features\Features.csproj", "{8C860593-36C7-45BD-8847-1A60E3C1B819}"
EndProject
Project("{9A19103F-16F7-4668-BE54-9A1E7A4F7556}") = "Features.Tests", "..\..\Eu\01 - Testes de Unidade\Features.Tests\Features.Tests.csproj", "{FC9A208F-2F80-4E72-A230-BD76F9EDC88C}"
EndProject
Global
	GlobalSection(SolutionConfigurationPlatforms) = preSolution
		Debug|Any CPU = Debug|Any CPU
		Release|Any CPU = Release|Any CPU
	EndGlobalSection
	GlobalSection(ProjectConfigurationPlatforms) = postSolution
		{3775AB6F-46A3-4262-8DC8-9AC5DC21E033}.Debug|Any CPU.ActiveCfg = Debug|Any CPU
		{3775AB6F-46A3-4262-8DC8-9AC5DC21E033}.Debug|Any CPU.Build.0 = Debug|Any CPU
		{3775AB6F-46A3-4262-8DC8-9AC5DC21E033}.Release|Any CPU.ActiveCfg = Release|Any CPU
		{3775AB6F-46A3-4262-8DC8-9AC5DC21E033}.Release|Any CPU.Build.0 = Release|Any CPU
		{A132C7BF-3F9B-424B-8C0E-8034F8C7570E}.Debug|Any CPU.ActiveCfg = Debug|Any CPU
		{A132C7BF-3F9B-424B-8C0E-8034F8C7570E}.Debug|Any CPU.Build.0 = Debug|Any CPU
		{A132C7BF-3F9B-424B-8C0E-8034F8C7570E}.Release|Any CPU.ActiveCfg = Release|Any CPU
		{A132C7BF-3F9B-424B-8C0E-8034F8C7570E}.Release|Any CPU.Build.0 = Release|Any CPU
		{8C860593-36C7-45BD-8847-1A60E3C1B819}.Debug|Any CPU.ActiveCfg = Debug|Any CPU
		{8C860593-36C7-45BD-8847-1A60E3C1B819}.Debug|Any CPU.Build.0 = Debug|Any CPU
		{8C860593-36C7-45BD-8847-1A60E3C1B819}.Release|Any CPU.ActiveCfg = Release|Any CPU
		{8C860593-36C7-45BD-8847-1A60E3C1B819}.Release|Any CPU.Build.0 = Release|Any CPU
		{FC9A208F-2F80-4E72-A230-BD76F9EDC88C}.Debug|Any CPU.ActiveCfg = Debug|Any CPU
		{FC9A208F-2F80-4E72-A230-BD76F9EDC88C}.Debug|Any CPU.Build.0 = Debug|Any CPU
		{FC9A208F-2F80-4E72-A230-BD76F9EDC88C}.Release|Any CPU.ActiveCfg = Release|Any CPU
		{FC9A208F-2F80-4E72-A230-BD76F9EDC88C}.Release|Any CPU.Build.0 = Release|Any CPU
	EndGlobalSection
	GlobalSection(SolutionProperties) = preSolution
		HideSolutionNode = FALSE
	EndGlobalSection
	GlobalSection(NestedProjects) = preSolution
		{3F457F44-10E1-493C-B7A3-2F4D7DC28717} = {44F1D699-9EF5-454C-95A3-772438BD16AC}
		{3775AB6F-46A3-4262-8DC8-9AC5DC21E033} = {3F457F44-10E1-493C-B7A3-2F4D7DC28717}
		{A132C7BF-3F9B-424B-8C0E-8034F8C7570E} = {3F457F44-10E1-493C-B7A3-2F4D7DC28717}
		{C0434ECF-D7A3-4E6F-8541-30939C375438} = {44F1D699-9EF5-454C-95A3-772438BD16AC}
		{B9CA5CFD-04CD-43A8-B192-6F8B026E661C} = {44F1D699-9EF5-454C-95A3-772438BD16AC}
		{8C860593-36C7-45BD-8847-1A60E3C1B819} = {C0434ECF-D7A3-4E6F-8541-30939C375438}
		{FC9A208F-2F80-4E72-A230-BD76F9EDC88C} = {B9CA5CFD-04CD-43A8-B192-6F8B026E661C}
	EndGlobalSection
	GlobalSection(ExtensibilityGlobals) = postSolution
		SolutionGuid = {9D794088-9CBA-4FEA-9411-1E585F853C88}
	EndGlobalSection
EndGlobal
